// !$*UTF8*$!
{
	archiveVersion = 1;
	classes = {
	};
	objectVersion = 52;
	objects = {

/* Begin PBXBuildFile section */
		1C38C56626E8507A0096A1B7 /* AppDelegate.swift in Sources */ = {isa = PBXBuildFile; fileRef = 1C38C56526E8507A0096A1B7 /* AppDelegate.swift */; };
		1C38C56826E8507A0096A1B7 /* SceneDelegate.swift in Sources */ = {isa = PBXBuildFile; fileRef = 1C38C56726E8507A0096A1B7 /* SceneDelegate.swift */; };
		1C38C56D26E8507A0096A1B7 /* Main.storyboard in Resources */ = {isa = PBXBuildFile; fileRef = 1C38C56B26E8507A0096A1B7 /* Main.storyboard */; };
		1C38C56F26E8507C0096A1B7 /* Assets.xcassets in Resources */ = {isa = PBXBuildFile; fileRef = 1C38C56E26E8507C0096A1B7 /* Assets.xcassets */; };
		1C38C57226E8507C0096A1B7 /* LaunchScreen.storyboard in Resources */ = {isa = PBXBuildFile; fileRef = 1C38C57026E8507C0096A1B7 /* LaunchScreen.storyboard */; };
		1C38C57A26E8583A0096A1B7 /* MovieViewController.swift in Sources */ = {isa = PBXBuildFile; fileRef = 1C38C57926E8583A0096A1B7 /* MovieViewController.swift */; };
		1C38C57C26E91B1B0096A1B7 /* MovieCell.swift in Sources */ = {isa = PBXBuildFile; fileRef = 1C38C57B26E91B1B0096A1B7 /* MovieCell.swift */; };
		1C38C57F26E96CDE0096A1B7 /* AlamofireImage in Frameworks */ = {isa = PBXBuildFile; productRef = 1C38C57E26E96CDE0096A1B7 /* AlamofireImage */; };
		1CAC5E6026F56DCA007783AE /* MovieDetailsViewController.swift in Sources */ = {isa = PBXBuildFile; fileRef = 1CAC5E5F26F56DCA007783AE /* MovieDetailsViewController.swift */; };
		1CAC5E6226F61D17007783AE /* MovieGridViewController.swift in Sources */ = {isa = PBXBuildFile; fileRef = 1CAC5E6126F61D17007783AE /* MovieGridViewController.swift */; };
		1CAC5E6626F623C4007783AE /* MovieGridCell.swift in Sources */ = {isa = PBXBuildFile; fileRef = 1CAC5E6526F623C4007783AE /* MovieGridCell.swift */; };
		9199A35E6A1D1A25633DB878 /* Pods_Flix.framework in Frameworks */ = {isa = PBXBuildFile; fileRef = 561A67497D309CAF5E0987D9 /* Pods_Flix.framework */; };
/* End PBXBuildFile section */

/* Begin PBXFileReference section */
		1C38C56226E8507A0096A1B7 /* Flix.app */ = {isa = PBXFileReference; explicitFileType = wrapper.application; includeInIndex = 0; path = Flix.app; sourceTree = BUILT_PRODUCTS_DIR; };
		1C38C56526E8507A0096A1B7 /* AppDelegate.swift */ = {isa = PBXFileReference; lastKnownFileType = sourcecode.swift; path = AppDelegate.swift; sourceTree = "<group>"; };
		1C38C56726E8507A0096A1B7 /* SceneDelegate.swift */ = {isa = PBXFileReference; lastKnownFileType = sourcecode.swift; path = SceneDelegate.swift; sourceTree = "<group>"; };
		1C38C56C26E8507A0096A1B7 /* Base */ = {isa = PBXFileReference; lastKnownFileType = file.storyboard; name = Base; path = Base.lproj/Main.storyboard; sourceTree = "<group>"; };
		1C38C56E26E8507C0096A1B7 /* Assets.xcassets */ = {isa = PBXFileReference; lastKnownFileType = folder.assetcatalog; path = Assets.xcassets; sourceTree = "<group>"; };
		1C38C57126E8507C0096A1B7 /* Base */ = {isa = PBXFileReference; lastKnownFileType = file.storyboard; name = Base; path = Base.lproj/LaunchScreen.storyboard; sourceTree = "<group>"; };
		1C38C57326E8507C0096A1B7 /* Info.plist */ = {isa = PBXFileReference; lastKnownFileType = text.plist.xml; path = Info.plist; sourceTree = "<group>"; };
		1C38C57926E8583A0096A1B7 /* MovieViewController.swift */ = {isa = PBXFileReference; lastKnownFileType = sourcecode.swift; path = MovieViewController.swift; sourceTree = "<group>"; };
		1C38C57B26E91B1B0096A1B7 /* MovieCell.swift */ = {isa = PBXFileReference; lastKnownFileType = sourcecode.swift; path = MovieCell.swift; sourceTree = "<group>"; };
		1CAC5E5F26F56DCA007783AE /* MovieDetailsViewController.swift */ = {isa = PBXFileReference; lastKnownFileType = sourcecode.swift; path = MovieDetailsViewController.swift; sourceTree = "<group>"; };
		1CAC5E6126F61D17007783AE /* MovieGridViewController.swift */ = {isa = PBXFileReference; lastKnownFileType = sourcecode.swift; path = MovieGridViewController.swift; sourceTree = "<group>"; };
		1CAC5E6526F623C4007783AE /* MovieGridCell.swift */ = {isa = PBXFileReference; lastKnownFileType = sourcecode.swift; path = MovieGridCell.swift; sourceTree = "<group>"; };
		561A67497D309CAF5E0987D9 /* Pods_Flix.framework */ = {isa = PBXFileReference; explicitFileType = wrapper.framework; includeInIndex = 0; path = Pods_Flix.framework; sourceTree = BUILT_PRODUCTS_DIR; };
		A07B67F57E312DBC3C7784E0 /* Pods-Flix.debug.xcconfig */ = {isa = PBXFileReference; includeInIndex = 1; lastKnownFileType = text.xcconfig; name = "Pods-Flix.debug.xcconfig"; path = "Target Support Files/Pods-Flix/Pods-Flix.debug.xcconfig"; sourceTree = "<group>"; };
		E7155910F76D96C6D7DFC531 /* Pods-Flix.release.xcconfig */ = {isa = PBXFileReference; includeInIndex = 1; lastKnownFileType = text.xcconfig; name = "Pods-Flix.release.xcconfig"; path = "Target Support Files/Pods-Flix/Pods-Flix.release.xcconfig"; sourceTree = "<group>"; };
/* End PBXFileReference section */

/* Begin PBXFrameworksBuildPhase section */
		1C38C55F26E8507A0096A1B7 /* Frameworks */ = {
			isa = PBXFrameworksBuildPhase;
			buildActionMask = 2147483647;
			files = (
				1C38C57F26E96CDE0096A1B7 /* AlamofireImage in Frameworks */,
				9199A35E6A1D1A25633DB878 /* Pods_Flix.framework in Frameworks */,
			);
			runOnlyForDeploymentPostprocessing = 0;
		};
/* End PBXFrameworksBuildPhase section */

/* Begin PBXGroup section */
		1C38C55926E8507A0096A1B7 = {
			isa = PBXGroup;
			children = (
				1C38C56426E8507A0096A1B7 /* Flix */,
				1C38C56326E8507A0096A1B7 /* Products */,
				C28ED60608C50816AF2B87C1 /* Pods */,
				8E9584C6074D520E0902635C /* Frameworks */,
			);
			sourceTree = "<group>";
		};
		1C38C56326E8507A0096A1B7 /* Products */ = {
			isa = PBXGroup;
			children = (
				1C38C56226E8507A0096A1B7 /* Flix.app */,
			);
			name = Products;
			sourceTree = "<group>";
		};
		1C38C56426E8507A0096A1B7 /* Flix */ = {
			isa = PBXGroup;
			children = (
				1C38C56526E8507A0096A1B7 /* AppDelegate.swift */,
				1CAC5E6126F61D17007783AE /* MovieGridViewController.swift */,
				1C38C56726E8507A0096A1B7 /* SceneDelegate.swift */,
				1C38C57926E8583A0096A1B7 /* MovieViewController.swift */,
				1C38C56B26E8507A0096A1B7 /* Main.storyboard */,
				1CAC5E6526F623C4007783AE /* MovieGridCell.swift */,
				1CAC5E5F26F56DCA007783AE /* MovieDetailsViewController.swift */,
				1C38C57B26E91B1B0096A1B7 /* MovieCell.swift */,
				1C38C56E26E8507C0096A1B7 /* Assets.xcassets */,
				1C38C57026E8507C0096A1B7 /* LaunchScreen.storyboard */,
				1C38C57326E8507C0096A1B7 /* Info.plist */,
			);
			path = Flix;
			sourceTree = "<group>";
		};
		8E9584C6074D520E0902635C /* Frameworks */ = {
			isa = PBXGroup;
			children = (
				561A67497D309CAF5E0987D9 /* Pods_Flix.framework */,
			);
			name = Frameworks;
			sourceTree = "<group>";
		};
		C28ED60608C50816AF2B87C1 /* Pods */ = {
			isa = PBXGroup;
			children = (
				A07B67F57E312DBC3C7784E0 /* Pods-Flix.debug.xcconfig */,
				E7155910F76D96C6D7DFC531 /* Pods-Flix.release.xcconfig */,
			);
			path = Pods;
			sourceTree = "<group>";
		};
/* End PBXGroup section */

/* Begin PBXNativeTarget section */
		1C38C56126E8507A0096A1B7 /* Flix */ = {
			isa = PBXNativeTarget;
			buildConfigurationList = 1C38C57626E8507C0096A1B7 /* Build configuration list for PBXNativeTarget "Flix" */;
			buildPhases = (
				872FD259566A68FC7805A8EF /* [CP] Check Pods Manifest.lock */,
				1C38C55E26E8507A0096A1B7 /* Sources */,
				1C38C55F26E8507A0096A1B7 /* Frameworks */,
				1C38C56026E8507A0096A1B7 /* Resources */,
				84188DE68AF872CB00CA310F /* [CP] Embed Pods Frameworks */,
			);
			buildRules = (
			);
			dependencies = (
			);
			name = Flix;
			packageProductDependencies = (
				1C38C57E26E96CDE0096A1B7 /* AlamofireImage */,
			);
			productName = Flix;
			productReference = 1C38C56226E8507A0096A1B7 /* Flix.app */;
			productType = "com.apple.product-type.application";
		};
/* End PBXNativeTarget section */

/* Begin PBXProject section */
		1C38C55A26E8507A0096A1B7 /* Project object */ = {
			isa = PBXProject;
			attributes = {
				LastSwiftUpdateCheck = 1250;
				LastUpgradeCheck = 1250;
				TargetAttributes = {
					1C38C56126E8507A0096A1B7 = {
						CreatedOnToolsVersion = 12.5.1;
					};
				};
			};
			buildConfigurationList = 1C38C55D26E8507A0096A1B7 /* Build configuration list for PBXProject "Flix" */;
			compatibilityVersion = "Xcode 9.3";
			developmentRegion = en;
			hasScannedForEncodings = 0;
			knownRegions = (
				en,
				Base,
			);
			mainGroup = 1C38C55926E8507A0096A1B7;
			packageReferences = (
				1C38C57D26E96CDE0096A1B7 /* XCRemoteSwiftPackageReference "AlamofireImage" */,
			);
			productRefGroup = 1C38C56326E8507A0096A1B7 /* Products */;
			projectDirPath = "";
			projectRoot = "";
			targets = (
				1C38C56126E8507A0096A1B7 /* Flix */,
			);
		};
/* End PBXProject section */

/* Begin PBXResourcesBuildPhase section */
		1C38C56026E8507A0096A1B7 /* Resources */ = {
			isa = PBXResourcesBuildPhase;
			buildActionMask = 2147483647;
			files = (
				1C38C57226E8507C0096A1B7 /* LaunchScreen.storyboard in Resources */,
				1C38C56F26E8507C0096A1B7 /* Assets.xcassets in Resources */,
				1C38C56D26E8507A0096A1B7 /* Main.storyboard in Resources */,
			);
			runOnlyForDeploymentPostprocessing = 0;
		};
/* End PBXResourcesBuildPhase section */

/* Begin PBXShellScriptBuildPhase section */
		84188DE68AF872CB00CA310F /* [CP] Embed Pods Frameworks */ = {
			isa = PBXShellScriptBuildPhase;
			buildActionMask = 2147483647;
			files = (
			);
			inputFileListPaths = (
				"${PODS_ROOT}/Target Support Files/Pods-Flix/Pods-Flix-frameworks-${CONFIGURATION}-input-files.xcfilelist",
			);
			name = "[CP] Embed Pods Frameworks";
			outputFileListPaths = (
				"${PODS_ROOT}/Target Support Files/Pods-Flix/Pods-Flix-frameworks-${CONFIGURATION}-output-files.xcfilelist",
			);
			runOnlyForDeploymentPostprocessing = 0;
			shellPath = /bin/sh;
			shellScript = "\"${PODS_ROOT}/Target Support Files/Pods-Flix/Pods-Flix-frameworks.sh\"\n";
			showEnvVarsInLog = 0;
		};
		872FD259566A68FC7805A8EF /* [CP] Check Pods Manifest.lock */ = {
			isa = PBXShellScriptBuildPhase;
			buildActionMask = 2147483647;
			files = (
			);
			inputFileListPaths = (
			);
			inputPaths = (
				"${PODS_PODFILE_DIR_PATH}/Podfile.lock",
				"${PODS_ROOT}/Manifest.lock",
			);
			name = "[CP] Check Pods Manifest.lock";
			outputFileListPaths = (
			);
			outputPaths = (
				"$(DERIVED_FILE_DIR)/Pods-Flix-checkManifestLockResult.txt",
			);
			runOnlyForDeploymentPostprocessing = 0;
			shellPath = /bin/sh;
			shellScript = "diff \"${PODS_PODFILE_DIR_PATH}/Podfile.lock\" \"${PODS_ROOT}/Manifest.lock\" > /dev/null\nif [ $? != 0 ] ; then\n    # print error to STDERR\n    echo \"error: The sandbox is not in sync with the Podfile.lock. Run 'pod install' or update your CocoaPods installation.\" >&2\n    exit 1\nfi\n# This output is used by Xcode 'outputs' to avoid re-running this script phase.\necho \"SUCCESS\" > \"${SCRIPT_OUTPUT_FILE_0}\"\n";
			showEnvVarsInLog = 0;
		};
/* End PBXShellScriptBuildPhase section */

/* Begin PBXSourcesBuildPhase section */
		1C38C55E26E8507A0096A1B7 /* Sources */ = {
			isa = PBXSourcesBuildPhase;
			buildActionMask = 2147483647;
			files = (
				1CAC5E6026F56DCA007783AE /* MovieDetailsViewController.swift in Sources */,
				1C38C56626E8507A0096A1B7 /* AppDelegate.swift in Sources */,
				1C38C56826E8507A0096A1B7 /* SceneDelegate.swift in Sources */,
				1C38C57C26E91B1B0096A1B7 /* MovieCell.swift in Sources */,
				1C38C57A26E8583A0096A1B7 /* MovieViewController.swift in Sources */,
				1CAC5E6226F61D17007783AE /* MovieGridViewController.swift in Sources */,
				1CAC5E6626F623C4007783AE /* MovieGridCell.swift in Sources */,
			);
			runOnlyForDeploymentPostprocessing = 0;
		};
/* End PBXSourcesBuildPhase section */

/* Begin PBXVariantGroup section */
		1C38C56B26E8507A0096A1B7 /* Main.storyboard */ = {
			isa = PBXVariantGroup;
			children = (
				1C38C56C26E8507A0096A1B7 /* Base */,
			);
			name = Main.storyboard;
			sourceTree = "<group>";
		};
		1C38C57026E8507C0096A1B7 /* LaunchScreen.storyboard */ = {
			isa = PBXVariantGroup;
			children = (
				1C38C57126E8507C0096A1B7 /* Base */,
			);
			name = LaunchScreen.storyboard;
			sourceTree = "<group>";
		};
/* End PBXVariantGroup section */

/* Begin XCBuildConfiguration section */
		1C38C57426E8507C0096A1B7 /* Debug */ = {
			isa = XCBuildConfiguration;
			buildSettings = {
				ALWAYS_SEARCH_USER_PATHS = NO;
				CLANG_ANALYZER_NONNULL = YES;
				CLANG_ANALYZER_NUMBER_OBJECT_CONVERSION = YES_AGGRESSIVE;
				CLANG_CXX_LANGUAGE_STANDARD = "gnu++14";
				CLANG_CXX_LIBRARY = "libc++";
				CLANG_ENABLE_MODULES = YES;
				CLANG_ENABLE_OBJC_ARC = YES;
				CLANG_ENABLE_OBJC_WEAK = YES;
				CLANG_WARN_BLOCK_CAPTURE_AUTORELEASING = YES;
				CLANG_WARN_BOOL_CONVERSION = YES;
				CLANG_WARN_COMMA = YES;
				CLANG_WARN_CONSTANT_CONVERSION = YES;
				CLANG_WARN_DEPRECATED_OBJC_IMPLEMENTATIONS = YES;
				CLANG_WARN_DIRECT_OBJC_ISA_USAGE = YES_ERROR;
				CLANG_WARN_DOCUMENTATION_COMMENTS = YES;
				CLANG_WARN_EMPTY_BODY = YES;
				CLANG_WARN_ENUM_CONVERSION = YES;
				CLANG_WARN_INFINITE_RECURSION = YES;
				CLANG_WARN_INT_CONVERSION = YES;
				CLANG_WARN_NON_LITERAL_NULL_CONVERSION = YES;
				CLANG_WARN_OBJC_IMPLICIT_RETAIN_SELF = YES;
				CLANG_WARN_OBJC_LITERAL_CONVERSION = YES;
				CLANG_WARN_OBJC_ROOT_CLASS = YES_ERROR;
				CLANG_WARN_QUOTED_INCLUDE_IN_FRAMEWORK_HEADER = YES;
				CLANG_WARN_RANGE_LOOP_ANALYSIS = YES;
				CLANG_WARN_STRICT_PROTOTYPES = YES;
				CLANG_WARN_SUSPICIOUS_MOVE = YES;
				CLANG_WARN_UNGUARDED_AVAILABILITY = YES_AGGRESSIVE;
				CLANG_WARN_UNREACHABLE_CODE = YES;
				CLANG_WARN__DUPLICATE_METHOD_MATCH = YES;
				COPY_PHASE_STRIP = NO;
				DEBUG_INFORMATION_FORMAT = dwarf;
				ENABLE_STRICT_OBJC_MSGSEND = YES;
				ENABLE_TESTABILITY = YES;
				GCC_C_LANGUAGE_STANDARD = gnu11;
				GCC_DYNAMIC_NO_PIC = NO;
				GCC_NO_COMMON_BLOCKS = YES;
				GCC_OPTIMIZATION_LEVEL = 0;
				GCC_PREPROCESSOR_DEFINITIONS = (
					"DEBUG=1",
					"$(inherited)",
				);
				GCC_WARN_64_TO_32_BIT_CONVERSION = YES;
				GCC_WARN_ABOUT_RETURN_TYPE = YES_ERROR;
				GCC_WARN_UNDECLARED_SELECTOR = YES;
				GCC_WARN_UNINITIALIZED_AUTOS = YES_AGGRESSIVE;
				GCC_WARN_UNUSED_FUNCTION = YES;
				GCC_WARN_UNUSED_VARIABLE = YES;
				IPHONEOS_DEPLOYMENT_TARGET = 14.5;
				MTL_ENABLE_DEBUG_INFO = INCLUDE_SOURCE;
				MTL_FAST_MATH = YES;
				ONLY_ACTIVE_ARCH = YES;
				SDKROOT = iphoneos;
				SWIFT_ACTIVE_COMPILATION_CONDITIONS = DEBUG;
				SWIFT_OPTIMIZATION_LEVEL = "-Onone";
			};
			name = Debug;
		};
		1C38C57526E8507C0096A1B7 /* Release */ = {
			isa = XCBuildConfiguration;
			buildSettings = {
				ALWAYS_SEARCH_USER_PATHS = NO;
				CLANG_ANALYZER_NONNULL = YES;
				CLANG_ANALYZER_NUMBER_OBJECT_CONVERSION = YES_AGGRESSIVE;
				CLANG_CXX_LANGUAGE_STANDARD = "gnu++14";
				CLANG_CXX_LIBRARY = "libc++";
				CLANG_ENABLE_MODULES = YES;
				CLANG_ENABLE_OBJC_ARC = YES;
				CLANG_ENABLE_OBJC_WEAK = YES;
				CLANG_WARN_BLOCK_CAPTURE_AUTORELEASING = YES;
				CLANG_WARN_BOOL_CONVERSION = YES;
				CLANG_WARN_COMMA = YES;
				CLANG_WARN_CONSTANT_CONVERSION = YES;
				CLANG_WARN_DEPRECATED_OBJC_IMPLEMENTATIONS = YES;
				CLANG_WARN_DIRECT_OBJC_ISA_USAGE = YES_ERROR;
				CLANG_WARN_DOCUMENTATION_COMMENTS = YES;
				CLANG_WARN_EMPTY_BODY = YES;
				CLANG_WARN_ENUM_CONVERSION = YES;
				CLANG_WARN_INFINITE_RECURSION = YES;
				CLANG_WARN_INT_CONVERSION = YES;
				CLANG_WARN_NON_LITERAL_NULL_CONVERSION = YES;
				CLANG_WARN_OBJC_IMPLICIT_RETAIN_SELF = YES;
				CLANG_WARN_OBJC_LITERAL_CONVERSION = YES;
				CLANG_WARN_OBJC_ROOT_CLASS = YES_ERROR;
				CLANG_WARN_QUOTED_INCLUDE_IN_FRAMEWORK_HEADER = YES;
				CLANG_WARN_RANGE_LOOP_ANALYSIS = YES;
				CLANG_WARN_STRICT_PROTOTYPES = YES;
				CLANG_WARN_SUSPICIOUS_MOVE = YES;
				CLANG_WARN_UNGUARDED_AVAILABILITY = YES_AGGRESSIVE;
				CLANG_WARN_UNREACHABLE_CODE = YES;
				CLANG_WARN__DUPLICATE_METHOD_MATCH = YES;
				COPY_PHASE_STRIP = NO;
				DEBUG_INFORMATION_FORMAT = "dwarf-with-dsym";
				ENABLE_NS_ASSERTIONS = NO;
				ENABLE_STRICT_OBJC_MSGSEND = YES;
				GCC_C_LANGUAGE_STANDARD = gnu11;
				GCC_NO_COMMON_BLOCKS = YES;
				GCC_WARN_64_TO_32_BIT_CONVERSION = YES;
				GCC_WARN_ABOUT_RETURN_TYPE = YES_ERROR;
				GCC_WARN_UNDECLARED_SELECTOR = YES;
				GCC_WARN_UNINITIALIZED_AUTOS = YES_AGGRESSIVE;
				GCC_WARN_UNUSED_FUNCTION = YES;
				GCC_WARN_UNUSED_VARIABLE = YES;
				IPHONEOS_DEPLOYMENT_TARGET = 14.5;
				MTL_ENABLE_DEBUG_INFO = NO;
				MTL_FAST_MATH = YES;
				SDKROOT = iphoneos;
				SWIFT_COMPILATION_MODE = wholemodule;
				SWIFT_OPTIMIZATION_LEVEL = "-O";
				VALIDATE_PRODUCT = YES;
			};
			name = Release;
		};
		1C38C57726E8507C0096A1B7 /* Debug */ = {
			isa = XCBuildConfiguration;
			baseConfigurationReference = A07B67F57E312DBC3C7784E0 /* Pods-Flix.debug.xcconfig */;
			buildSettings = {
				ASSETCATALOG_COMPILER_APPICON_NAME = AppIcon;
				ASSETCATALOG_COMPILER_GLOBAL_ACCENT_COLOR_NAME = AccentColor;
				CODE_SIGN_STYLE = Automatic;
				DEVELOPMENT_TEAM = S99S2HMU6H;
				INFOPLIST_FILE = Flix/Info.plist;
				LD_RUNPATH_SEARCH_PATHS = (
					"$(inherited)",
					"@executable_path/Frameworks",
				);
				PRODUCT_BUNDLE_IDENTIFIER = vc.com.random123.Flix;
				PRODUCT_NAME = "$(TARGET_NAME)";
				SWIFT_VERSION = 5.0;
				TARGETED_DEVICE_FAMILY = "1,2";
			};
			name = Debug;
		};
		1C38C57826E8507C0096A1B7 /* Release */ = {
			isa = XCBuildConfiguration;
			baseConfigurationReference = E7155910F76D96C6D7DFC531 /* Pods-Flix.release.xcconfig */;
			buildSettings = {
				ASSETCATALOG_COMPILER_APPICON_NAME = AppIcon;
				ASSETCATALOG_COMPILER_GLOBAL_ACCENT_COLOR_NAME = AccentColor;
				CODE_SIGN_STYLE = Automatic;
				DEVELOPMENT_TEAM = S99S2HMU6H;
				INFOPLIST_FILE = Flix/Info.plist;
				LD_RUNPATH_SEARCH_PATHS = (
					"$(inherited)",
					"@executable_path/Frameworks",
				);
				PRODUCT_BUNDLE_IDENTIFIER = vc.com.random123.Flix;
				PRODUCT_NAME = "$(TARGET_NAME)";
				SWIFT_VERSION = 5.0;
				TARGETED_DEVICE_FAMILY = "1,2";
			};
			name = Release;
		};
/* End XCBuildConfiguration section */

/* Begin XCConfigurationList section */
		1C38C55D26E8507A0096A1B7 /* Build configuration list for PBXProject "Flix" */ = {
			isa = XCConfigurationList;
			buildConfigurations = (
				1C38C57426E8507C0096A1B7 /* Debug */,
				1C38C57526E8507C0096A1B7 /* Release */,
			);
			defaultConfigurationIsVisible = 0;
			defaultConfigurationName = Release;
		};
		1C38C57626E8507C0096A1B7 /* Build configuration list for PBXNativeTarget "Flix" */ = {
			isa = XCConfigurationList;
			buildConfigurations = (
				1C38C57726E8507C0096A1B7 /* Debug */,
				1C38C57826E8507C0096A1B7 /* Release */,
			);
			defaultConfigurationIsVisible = 0;
			defaultConfigurationName = Release;
		};
/* End XCConfigurationList section */

/* Begin XCRemoteSwiftPackageReference section */
		1C38C57D26E96CDE0096A1B7 /* XCRemoteSwiftPackageReference "AlamofireImage" */ = {
			isa = XCRemoteSwiftPackageReference;
			repositoryURL = "https://github.com/Alamofire/AlamofireImage";
			requirement = {
				kind = upToNextMajorVersion;
				minimumVersion = 4.2.0;
			};
		};
/* End XCRemoteSwiftPackageReference section */

/* Begin XCSwiftPackageProductDependency section */
		1C38C57E26E96CDE0096A1B7 /* AlamofireImage */ = {
			isa = XCSwiftPackageProductDependency;
			package = 1C38C57D26E96CDE0096A1B7 /* XCRemoteSwiftPackageReference "AlamofireImage" */;
			productName = AlamofireImage;
		};
/* End XCSwiftPackageProductDependency section */
	};
	rootObject = 1C38C55A26E8507A0096A1B7 /* Project object */;
}
